
Microsoft Visual Studio Solution File, Format Version 12.00
# Visual Studio Version 16
VisualStudioVersion = 16.0.31702.278
MinimumVisualStudioVersion = 10.0.40219.1
Project("{FAE04EC0-301F-11D3-BF4B-00C04F79EFBC}") = "Baldesamo_Franco_ASS3", "Baldesamo_Franco_ASS3.csproj", "{B064F31C-BCF5-40CD-BEA8-F374D7DC3E86}"
EndProject
Global
	GlobalSection(SolutionConfigurationPlatforms) = preSolution
		Debug|Any CPU = Debug|Any CPU
		Release|Any CPU = Release|Any CPU
	EndGlobalSection
	GlobalSection(ProjectConfigurationPlatforms) = postSolution
		{B064F31C-BCF5-40CD-BEA8-F374D7DC3E86}.Debug|Any CPU.ActiveCfg = Debug|Any CPU
		{B064F31C-BCF5-40CD-BEA8-F374D7DC3E86}.Debug|Any CPU.Build.0 = Debug|Any CPU
		{B064F31C-BCF5-40CD-BEA8-F374D7DC3E86}.Release|Any CPU.ActiveCfg = Release|Any CPU
		{B064F31C-BCF5-40CD-BEA8-F374D7DC3E86}.Release|Any CPU.Build.0 = Release|Any CPU
	EndGlobalSection
	GlobalSection(SolutionProperties) = preSolution
		HideSolutionNode = FALSE
	EndGlobalSection
	GlobalSection(ExtensibilityGlobals) = postSolution
		SolutionGuid = {D585204C-D024-407B-B48E-110652E0947A}
	EndGlobalSection
EndGlobal
